
Microsoft Visual Studio Solution File, Format Version 12.00
# Visual Studio 2012
Project("{FAE04EC0-301F-11D3-BF4B-00C04F79EFBC}") = "Mdw", "Mdw\Mdw.csproj", "{735CB9A7-0A6C-4E15-8499-7675FFF844A6}"
	ProjectSection(ProjectDependencies) = postProject
		{961AB378-148C-4C20-A9C6-C803E8CEF75D} = {961AB378-148C-4C20-A9C6-C803E8CEF75D}
	EndProjectSection
EndProject
Project("{FAE04EC0-301F-11D3-BF4B-00C04F79EFBC}") = "LudoService", "LudoService\LudoService.csproj", "{961AB378-148C-4C20-A9C6-C803E8CEF75D}"
EndProject
Global
	GlobalSection(SolutionConfigurationPlatforms) = preSolution
		Debug|Any CPU = Debug|Any CPU
		Release|Any CPU = Release|Any CPU
	EndGlobalSection
	GlobalSection(ProjectConfigurationPlatforms) = postSolution
		{735CB9A7-0A6C-4E15-8499-7675FFF844A6}.Debug|Any CPU.ActiveCfg = Debug|Any CPU
		{735CB9A7-0A6C-4E15-8499-7675FFF844A6}.Debug|Any CPU.Build.0 = Debug|Any CPU
		{735CB9A7-0A6C-4E15-8499-7675FFF844A6}.Release|Any CPU.ActiveCfg = Release|Any CPU
		{735CB9A7-0A6C-4E15-8499-7675FFF844A6}.Release|Any CPU.Build.0 = Release|Any CPU
		{961AB378-148C-4C20-A9C6-C803E8CEF75D}.Debug|Any CPU.ActiveCfg = Debug|Any CPU
		{961AB378-148C-4C20-A9C6-C803E8CEF75D}.Debug|Any CPU.Build.0 = Debug|Any CPU
		{961AB378-148C-4C20-A9C6-C803E8CEF75D}.Release|Any CPU.ActiveCfg = Release|Any CPU
		{961AB378-148C-4C20-A9C6-C803E8CEF75D}.Release|Any CPU.Build.0 = Release|Any CPU
	EndGlobalSection
	GlobalSection(SolutionProperties) = preSolution
		HideSolutionNode = FALSE
	EndGlobalSection
EndGlobal
